// !$*UTF8*$!
{
	archiveVersion = 1;
	classes = {
	};
	objectVersion = 46;
	objects = {

/* Begin PBXBuildFile section */
		751A39EC1EA0380000AD8B6F /* MapViewController.swift in Sources */ = {isa = PBXBuildFile; fileRef = 751A39EB1EA0380000AD8B6F /* MapViewController.swift */; };
		751A39EE1EA046D900AD8B6F /* booths.json in Resources */ = {isa = PBXBuildFile; fileRef = 751A39ED1EA046D900AD8B6F /* booths.json */; };
		752D37701E730821002892A7 /* folkart.json in Resources */ = {isa = PBXBuildFile; fileRef = 752D376F1E730821002892A7 /* folkart.json */; };
		757B5ADC1EA94A830032B44D /* HomeViewController.swift in Sources */ = {isa = PBXBuildFile; fileRef = 757B5ADB1EA94A830032B44D /* HomeViewController.swift */; };
		75AEAB9B1E7225F400847B07 /* AppDelegate.swift in Sources */ = {isa = PBXBuildFile; fileRef = 75AEAB9A1E7225F400847B07 /* AppDelegate.swift */; };
		75AEAB9D1E7225F400847B07 /* SearchViewController.swift in Sources */ = {isa = PBXBuildFile; fileRef = 75AEAB9C1E7225F400847B07 /* SearchViewController.swift */; };
		75AEABA01E7225F400847B07 /* Main.storyboard in Resources */ = {isa = PBXBuildFile; fileRef = 75AEAB9E1E7225F400847B07 /* Main.storyboard */; };
		75AEABA51E7225F400847B07 /* Assets.xcassets in Resources */ = {isa = PBXBuildFile; fileRef = 75AEABA41E7225F400847B07 /* Assets.xcassets */; };
		75AEABA81E7225F400847B07 /* LaunchScreen.storyboard in Resources */ = {isa = PBXBuildFile; fileRef = 75AEABA61E7225F400847B07 /* LaunchScreen.storyboard */; };
		75AEABD31E723D1B00847B07 /* ArtistViewController.swift in Sources */ = {isa = PBXBuildFile; fileRef = 75AEABD21E723D1B00847B07 /* ArtistViewController.swift */; };
		A5F2D64FFE2E9924C54D646B /* Pods_FolkArt.framework in Frameworks */ = {isa = PBXBuildFile; fileRef = 5FC9A6A27EABC667C9A66CE4 /* Pods_FolkArt.framework */; };
		E4462CA11E848BEB0053EC8B /* Artist.swift in Sources */ = {isa = PBXBuildFile; fileRef = E4462CA01E848BEB0053EC8B /* Artist.swift */; };
		E4462CA31E848CE60053EC8B /* Booth.swift in Sources */ = {isa = PBXBuildFile; fileRef = E4462CA21E848CE60053EC8B /* Booth.swift */; };
		E4462CA51E848D2E0053EC8B /* Country.swift in Sources */ = {isa = PBXBuildFile; fileRef = E4462CA41E848D2E0053EC8B /* Country.swift */; };
		E4462CA71E848D3D0053EC8B /* Media.swift in Sources */ = {isa = PBXBuildFile; fileRef = E4462CA61E848D3D0053EC8B /* Media.swift */; };
		E46D16ED1E849849008CEA8A /* ArtistsTableViewController.swift in Sources */ = {isa = PBXBuildFile; fileRef = E46D16EC1E849849008CEA8A /* ArtistsTableViewController.swift */; };
		E46D16EF1E84988A008CEA8A /* ArtistTableViewCell.swift in Sources */ = {isa = PBXBuildFile; fileRef = E46D16EE1E84988A008CEA8A /* ArtistTableViewCell.swift */; };
		E490150A1E8484F200DE3A96 /* DataImporter.swift in Sources */ = {isa = PBXBuildFile; fileRef = E49015091E8484F200DE3A96 /* DataImporter.swift */; };
		E490150C1E84864F00DE3A96 /* FAKeys.swift in Sources */ = {isa = PBXBuildFile; fileRef = E490150B1E84864F00DE3A96 /* FAKeys.swift */; };
/* End PBXBuildFile section */

/* Begin PBXFileReference section */
		5FC9A6A27EABC667C9A66CE4 /* Pods_FolkArt.framework */ = {isa = PBXFileReference; explicitFileType = wrapper.framework; includeInIndex = 0; path = Pods_FolkArt.framework; sourceTree = BUILT_PRODUCTS_DIR; };
		751A39EB1EA0380000AD8B6F /* MapViewController.swift */ = {isa = PBXFileReference; fileEncoding = 4; lastKnownFileType = sourcecode.swift; path = MapViewController.swift; sourceTree = "<group>"; };
		751A39ED1EA046D900AD8B6F /* booths.json */ = {isa = PBXFileReference; fileEncoding = 4; lastKnownFileType = text.json; path = booths.json; sourceTree = "<group>"; };
		752D376F1E730821002892A7 /* folkart.json */ = {isa = PBXFileReference; fileEncoding = 4; lastKnownFileType = text.json; path = folkart.json; sourceTree = "<group>"; };
		757B5ADB1EA94A830032B44D /* HomeViewController.swift */ = {isa = PBXFileReference; fileEncoding = 4; lastKnownFileType = sourcecode.swift; path = HomeViewController.swift; sourceTree = "<group>"; };
		75AEAB971E7225F400847B07 /* FolkArt.app */ = {isa = PBXFileReference; explicitFileType = wrapper.application; includeInIndex = 0; path = FolkArt.app; sourceTree = BUILT_PRODUCTS_DIR; };
		75AEAB9A1E7225F400847B07 /* AppDelegate.swift */ = {isa = PBXFileReference; lastKnownFileType = sourcecode.swift; path = AppDelegate.swift; sourceTree = "<group>"; };
		75AEAB9C1E7225F400847B07 /* SearchViewController.swift */ = {isa = PBXFileReference; lastKnownFileType = sourcecode.swift; path = SearchViewController.swift; sourceTree = "<group>"; };
		75AEAB9F1E7225F400847B07 /* Base */ = {isa = PBXFileReference; lastKnownFileType = file.storyboard; name = Base; path = Base.lproj/Main.storyboard; sourceTree = "<group>"; };
		75AEABA41E7225F400847B07 /* Assets.xcassets */ = {isa = PBXFileReference; lastKnownFileType = folder.assetcatalog; path = Assets.xcassets; sourceTree = "<group>"; };
		75AEABA71E7225F400847B07 /* Base */ = {isa = PBXFileReference; lastKnownFileType = file.storyboard; name = Base; path = Base.lproj/LaunchScreen.storyboard; sourceTree = "<group>"; };
		75AEABA91E7225F400847B07 /* Info.plist */ = {isa = PBXFileReference; lastKnownFileType = text.plist.xml; path = Info.plist; sourceTree = "<group>"; };
		75AEABD21E723D1B00847B07 /* ArtistViewController.swift */ = {isa = PBXFileReference; fileEncoding = 4; lastKnownFileType = sourcecode.swift; path = ArtistViewController.swift; sourceTree = "<group>"; };
		B71348B45EA823C2D43DC915 /* Pods-FolkArt.release.xcconfig */ = {isa = PBXFileReference; includeInIndex = 1; lastKnownFileType = text.xcconfig; name = "Pods-FolkArt.release.xcconfig"; path = "Pods/Target Support Files/Pods-FolkArt/Pods-FolkArt.release.xcconfig"; sourceTree = "<group>"; };
		CFCC55EC32C7B9E495F21A63 /* Pods-FolkArt.debug.xcconfig */ = {isa = PBXFileReference; includeInIndex = 1; lastKnownFileType = text.xcconfig; name = "Pods-FolkArt.debug.xcconfig"; path = "Pods/Target Support Files/Pods-FolkArt/Pods-FolkArt.debug.xcconfig"; sourceTree = "<group>"; };
		E4462CA01E848BEB0053EC8B /* Artist.swift */ = {isa = PBXFileReference; fileEncoding = 4; lastKnownFileType = sourcecode.swift; path = Artist.swift; sourceTree = "<group>"; };
		E4462CA21E848CE60053EC8B /* Booth.swift */ = {isa = PBXFileReference; fileEncoding = 4; lastKnownFileType = sourcecode.swift; path = Booth.swift; sourceTree = "<group>"; };
		E4462CA41E848D2E0053EC8B /* Country.swift */ = {isa = PBXFileReference; fileEncoding = 4; lastKnownFileType = sourcecode.swift; path = Country.swift; sourceTree = "<group>"; };
		E4462CA61E848D3D0053EC8B /* Media.swift */ = {isa = PBXFileReference; fileEncoding = 4; lastKnownFileType = sourcecode.swift; path = Media.swift; sourceTree = "<group>"; };
		E46D16EC1E849849008CEA8A /* ArtistsTableViewController.swift */ = {isa = PBXFileReference; fileEncoding = 4; lastKnownFileType = sourcecode.swift; path = ArtistsTableViewController.swift; sourceTree = "<group>"; };
		E46D16EE1E84988A008CEA8A /* ArtistTableViewCell.swift */ = {isa = PBXFileReference; fileEncoding = 4; lastKnownFileType = sourcecode.swift; path = ArtistTableViewCell.swift; sourceTree = "<group>"; };
		E49015091E8484F200DE3A96 /* DataImporter.swift */ = {isa = PBXFileReference; fileEncoding = 4; lastKnownFileType = sourcecode.swift; path = DataImporter.swift; sourceTree = "<group>"; };
		E490150B1E84864F00DE3A96 /* FAKeys.swift */ = {isa = PBXFileReference; fileEncoding = 4; lastKnownFileType = sourcecode.swift; path = FAKeys.swift; sourceTree = "<group>"; };
/* End PBXFileReference section */

/* Begin PBXFrameworksBuildPhase section */
		75AEAB941E7225F300847B07 /* Frameworks */ = {
			isa = PBXFrameworksBuildPhase;
			buildActionMask = 2147483647;
			files = (
				A5F2D64FFE2E9924C54D646B /* Pods_FolkArt.framework in Frameworks */,
			);
			runOnlyForDeploymentPostprocessing = 0;
		};
/* End PBXFrameworksBuildPhase section */

/* Begin PBXGroup section */
		5B22B3C48A07987E69C712FA /* Pods */ = {
			isa = PBXGroup;
			children = (
				CFCC55EC32C7B9E495F21A63 /* Pods-FolkArt.debug.xcconfig */,
				B71348B45EA823C2D43DC915 /* Pods-FolkArt.release.xcconfig */,
			);
			name = Pods;
			sourceTree = "<group>";
		};
		753DC4121E7B56AA00E04A0A /* Models */ = {
			isa = PBXGroup;
			children = (
				E4462CA01E848BEB0053EC8B /* Artist.swift */,
				E4462CA21E848CE60053EC8B /* Booth.swift */,
				E4462CA41E848D2E0053EC8B /* Country.swift */,
				E4462CA61E848D3D0053EC8B /* Media.swift */,
			);
			name = Models;
			path = ..;
			sourceTree = "<group>";
		};
		75AEAB8E1E7225F300847B07 = {
			isa = PBXGroup;
			children = (
				75AEAB991E7225F400847B07 /* FolkArt */,
				75AEAB981E7225F400847B07 /* Products */,
				5B22B3C48A07987E69C712FA /* Pods */,
				C88E7387001768F84254E00E /* Frameworks */,
			);
			sourceTree = "<group>";
		};
		75AEAB981E7225F400847B07 /* Products */ = {
			isa = PBXGroup;
			children = (
				75AEAB971E7225F400847B07 /* FolkArt.app */,
			);
			name = Products;
			sourceTree = "<group>";
		};
		75AEAB991E7225F400847B07 /* FolkArt */ = {
			isa = PBXGroup;
			children = (
				75AEAB9E1E7225F400847B07 /* Main.storyboard */,
				75AEAB9A1E7225F400847B07 /* AppDelegate.swift */,
				E4462CA81E848F8A0053EC8B /* View Controllers */,
				753DC4121E7B56AA00E04A0A /* Models */,
				E490150B1E84864F00DE3A96 /* FAKeys.swift */,
				E49015091E8484F200DE3A96 /* DataImporter.swift */,
				E4462CA91E848FA90053EC8B /* Supporting Files */,
			);
			path = FolkArt;
			sourceTree = "<group>";
		};
		C88E7387001768F84254E00E /* Frameworks */ = {
			isa = PBXGroup;
			children = (
				5FC9A6A27EABC667C9A66CE4 /* Pods_FolkArt.framework */,
			);
			name = Frameworks;
			sourceTree = "<group>";
		};
		E4462CA81E848F8A0053EC8B /* View Controllers */ = {
			isa = PBXGroup;
			children = (
				757B5ADB1EA94A830032B44D /* HomeViewController.swift */,
				75AEAB9C1E7225F400847B07 /* SearchViewController.swift */,
				75AEABD21E723D1B00847B07 /* ArtistViewController.swift */,
				E46D16EC1E849849008CEA8A /* ArtistsTableViewController.swift */,
				751A39EB1EA0380000AD8B6F /* MapViewController.swift */,
				E46D16EE1E84988A008CEA8A /* ArtistTableViewCell.swift */,
			);
			name = "View Controllers";
			sourceTree = "<group>";
		};
		E4462CA91E848FA90053EC8B /* Supporting Files */ = {
			isa = PBXGroup;
			children = (
				75AEABA41E7225F400847B07 /* Assets.xcassets */,
				75AEABA61E7225F400847B07 /* LaunchScreen.storyboard */,
				75AEABA91E7225F400847B07 /* Info.plist */,
				752D376F1E730821002892A7 /* folkart.json */,
				751A39ED1EA046D900AD8B6F /* booths.json */,
			);
			name = "Supporting Files";
			sourceTree = "<group>";
		};
/* End PBXGroup section */

/* Begin PBXNativeTarget section */
		75AEAB961E7225F300847B07 /* FolkArt */ = {
			isa = PBXNativeTarget;
			buildConfigurationList = 75AEABAC1E7225F400847B07 /* Build configuration list for PBXNativeTarget "FolkArt" */;
			buildPhases = (
				2893F038677AD2CA70426227 /* [CP] Check Pods Manifest.lock */,
				75AEAB931E7225F300847B07 /* Sources */,
				75AEAB941E7225F300847B07 /* Frameworks */,
				75AEAB951E7225F300847B07 /* Resources */,
				7B51D5BFA29D2114699CE35D /* [CP] Embed Pods Frameworks */,
				42B7210C154D65D4413EBD23 /* [CP] Copy Pods Resources */,
			);
			buildRules = (
			);
			dependencies = (
			);
			name = FolkArt;
			productName = FolkArt;
			productReference = 75AEAB971E7225F400847B07 /* FolkArt.app */;
			productType = "com.apple.product-type.application";
		};
/* End PBXNativeTarget section */

/* Begin PBXProject section */
		75AEAB8F1E7225F300847B07 /* Project object */ = {
			isa = PBXProject;
			attributes = {
				LastSwiftUpdateCheck = 0820;
				LastUpgradeCheck = 0820;
				ORGANIZATIONNAME = "Luke Karns";
				TargetAttributes = {
					75AEAB961E7225F300847B07 = {
						CreatedOnToolsVersion = 8.2.1;
						DevelopmentTeam = A36T66DN9U;
						ProvisioningStyle = Automatic;
					};
				};
			};
			buildConfigurationList = 75AEAB921E7225F300847B07 /* Build configuration list for PBXProject "FolkArt" */;
			compatibilityVersion = "Xcode 3.2";
			developmentRegion = English;
			hasScannedForEncodings = 0;
			knownRegions = (
				en,
				Base,
			);
			mainGroup = 75AEAB8E1E7225F300847B07;
			productRefGroup = 75AEAB981E7225F400847B07 /* Products */;
			projectDirPath = "";
			projectRoot = "";
			targets = (
				75AEAB961E7225F300847B07 /* FolkArt */,
			);
		};
/* End PBXProject section */

/* Begin PBXResourcesBuildPhase section */
		75AEAB951E7225F300847B07 /* Resources */ = {
			isa = PBXResourcesBuildPhase;
			buildActionMask = 2147483647;
			files = (
				751A39EE1EA046D900AD8B6F /* booths.json in Resources */,
				75AEABA81E7225F400847B07 /* LaunchScreen.storyboard in Resources */,
				75AEABA51E7225F400847B07 /* Assets.xcassets in Resources */,
				75AEABA01E7225F400847B07 /* Main.storyboard in Resources */,
				752D37701E730821002892A7 /* folkart.json in Resources */,
			);
			runOnlyForDeploymentPostprocessing = 0;
		};
/* End PBXResourcesBuildPhase section */

/* Begin PBXShellScriptBuildPhase section */
		2893F038677AD2CA70426227 /* [CP] Check Pods Manifest.lock */ = {
			isa = PBXShellScriptBuildPhase;
			buildActionMask = 2147483647;
			files = (
			);
			inputPaths = (
			);
			name = "[CP] Check Pods Manifest.lock";
			outputPaths = (
			);
			runOnlyForDeploymentPostprocessing = 0;
			shellPath = /bin/sh;
			shellScript = "diff \"${PODS_ROOT}/../Podfile.lock\" \"${PODS_ROOT}/Manifest.lock\" > /dev/null\nif [ $? != 0 ] ; then\n    # print error to STDERR\n    echo \"error: The sandbox is not in sync with the Podfile.lock. Run 'pod install' or update your CocoaPods installation.\" >&2\n    exit 1\nfi\n";
			showEnvVarsInLog = 0;
		};
		42B7210C154D65D4413EBD23 /* [CP] Copy Pods Resources */ = {
			isa = PBXShellScriptBuildPhase;
			buildActionMask = 2147483647;
			files = (
			);
			inputPaths = (
			);
			name = "[CP] Copy Pods Resources";
			outputPaths = (
			);
			runOnlyForDeploymentPostprocessing = 0;
			shellPath = /bin/sh;
			shellScript = "\"${SRCROOT}/Pods/Target Support Files/Pods-FolkArt/Pods-FolkArt-resources.sh\"\n";
			showEnvVarsInLog = 0;
		};
		7B51D5BFA29D2114699CE35D /* [CP] Embed Pods Frameworks */ = {
			isa = PBXShellScriptBuildPhase;
			buildActionMask = 2147483647;
			files = (
			);
			inputPaths = (
			);
			name = "[CP] Embed Pods Frameworks";
			outputPaths = (
			);
			runOnlyForDeploymentPostprocessing = 0;
			shellPath = /bin/sh;
			shellScript = "\"${SRCROOT}/Pods/Target Support Files/Pods-FolkArt/Pods-FolkArt-frameworks.sh\"\n";
			showEnvVarsInLog = 0;
		};
/* End PBXShellScriptBuildPhase section */

/* Begin PBXSourcesBuildPhase section */
		75AEAB931E7225F300847B07 /* Sources */ = {
			isa = PBXSourcesBuildPhase;
			buildActionMask = 2147483647;
			files = (
				75AEAB9D1E7225F400847B07 /* SearchViewController.swift in Sources */,
				75AEAB9B1E7225F400847B07 /* AppDelegate.swift in Sources */,
				75AEABD31E723D1B00847B07 /* ArtistViewController.swift in Sources */,
				E4462CA31E848CE60053EC8B /* Booth.swift in Sources */,
				E4462CA51E848D2E0053EC8B /* Country.swift in Sources */,
				E4462CA71E848D3D0053EC8B /* Media.swift in Sources */,
				E46D16EF1E84988A008CEA8A /* ArtistTableViewCell.swift in Sources */,
				751A39EC1EA0380000AD8B6F /* MapViewController.swift in Sources */,
				757B5ADC1EA94A830032B44D /* HomeViewController.swift in Sources */,
				E490150C1E84864F00DE3A96 /* FAKeys.swift in Sources */,
				E490150A1E8484F200DE3A96 /* DataImporter.swift in Sources */,
				E46D16ED1E849849008CEA8A /* ArtistsTableViewController.swift in Sources */,
				E4462CA11E848BEB0053EC8B /* Artist.swift in Sources */,
			);
			runOnlyForDeploymentPostprocessing = 0;
		};
/* End PBXSourcesBuildPhase section */

/* Begin PBXVariantGroup section */
		75AEAB9E1E7225F400847B07 /* Main.storyboard */ = {
			isa = PBXVariantGroup;
			children = (
				75AEAB9F1E7225F400847B07 /* Base */,
			);
			name = Main.storyboard;
			sourceTree = "<group>";
		};
		75AEABA61E7225F400847B07 /* LaunchScreen.storyboard */ = {
			isa = PBXVariantGroup;
			children = (
				75AEABA71E7225F400847B07 /* Base */,
			);
			name = LaunchScreen.storyboard;
			sourceTree = "<group>";
		};
/* End PBXVariantGroup section */

/* Begin XCBuildConfiguration section */
		75AEABAA1E7225F400847B07 /* Debug */ = {
			isa = XCBuildConfiguration;
			buildSettings = {
				ALWAYS_SEARCH_USER_PATHS = NO;
				CLANG_ANALYZER_NONNULL = YES;
				CLANG_CXX_LANGUAGE_STANDARD = "gnu++0x";
				CLANG_CXX_LIBRARY = "libc++";
				CLANG_ENABLE_MODULES = YES;
				CLANG_ENABLE_OBJC_ARC = YES;
				CLANG_WARN_BOOL_CONVERSION = YES;
				CLANG_WARN_CONSTANT_CONVERSION = YES;
				CLANG_WARN_DIRECT_OBJC_ISA_USAGE = YES_ERROR;
				CLANG_WARN_DOCUMENTATION_COMMENTS = YES;
				CLANG_WARN_EMPTY_BODY = YES;
				CLANG_WARN_ENUM_CONVERSION = YES;
				CLANG_WARN_INFINITE_RECURSION = YES;
				CLANG_WARN_INT_CONVERSION = YES;
				CLANG_WARN_OBJC_ROOT_CLASS = YES_ERROR;
				CLANG_WARN_SUSPICIOUS_MOVE = YES;
				CLANG_WARN_UNREACHABLE_CODE = YES;
				CLANG_WARN__DUPLICATE_METHOD_MATCH = YES;
				"CODE_SIGN_IDENTITY[sdk=iphoneos*]" = "iPhone Developer";
				COPY_PHASE_STRIP = NO;
				DEBUG_INFORMATION_FORMAT = dwarf;
				ENABLE_STRICT_OBJC_MSGSEND = YES;
				ENABLE_TESTABILITY = YES;
				GCC_C_LANGUAGE_STANDARD = gnu99;
				GCC_DYNAMIC_NO_PIC = NO;
				GCC_NO_COMMON_BLOCKS = YES;
				GCC_OPTIMIZATION_LEVEL = 0;
				GCC_PREPROCESSOR_DEFINITIONS = (
					"DEBUG=1",
					"$(inherited)",
				);
				GCC_WARN_64_TO_32_BIT_CONVERSION = YES;
				GCC_WARN_ABOUT_RETURN_TYPE = YES_ERROR;
				GCC_WARN_UNDECLARED_SELECTOR = YES;
				GCC_WARN_UNINITIALIZED_AUTOS = YES_AGGRESSIVE;
				GCC_WARN_UNUSED_FUNCTION = YES;
				GCC_WARN_UNUSED_VARIABLE = YES;
				IPHONEOS_DEPLOYMENT_TARGET = 10.2;
				MTL_ENABLE_DEBUG_INFO = YES;
				ONLY_ACTIVE_ARCH = YES;
				SDKROOT = iphoneos;
				SWIFT_ACTIVE_COMPILATION_CONDITIONS = DEBUG;
				SWIFT_OPTIMIZATION_LEVEL = "-Onone";
			};
			name = Debug;
		};
		75AEABAB1E7225F400847B07 /* Release */ = {
			isa = XCBuildConfiguration;
			buildSettings = {
				ALWAYS_SEARCH_USER_PATHS = NO;
				CLANG_ANALYZER_NONNULL = YES;
				CLANG_CXX_LANGUAGE_STANDARD = "gnu++0x";
				CLANG_CXX_LIBRARY = "libc++";
				CLANG_ENABLE_MODULES = YES;
				CLANG_ENABLE_OBJC_ARC = YES;
				CLANG_WARN_BOOL_CONVERSION = YES;
				CLANG_WARN_CONSTANT_CONVERSION = YES;
				CLANG_WARN_DIRECT_OBJC_ISA_USAGE = YES_ERROR;
				CLANG_WARN_DOCUMENTATION_COMMENTS = YES;
				CLANG_WARN_EMPTY_BODY = YES;
				CLANG_WARN_ENUM_CONVERSION = YES;
				CLANG_WARN_INFINITE_RECURSION = YES;
				CLANG_WARN_INT_CONVERSION = YES;
				CLANG_WARN_OBJC_ROOT_CLASS = YES_ERROR;
				CLANG_WARN_SUSPICIOUS_MOVE = YES;
				CLANG_WARN_UNREACHABLE_CODE = YES;
				CLANG_WARN__DUPLICATE_METHOD_MATCH = YES;
				"CODE_SIGN_IDENTITY[sdk=iphoneos*]" = "iPhone Developer";
				COPY_PHASE_STRIP = NO;
				DEBUG_INFORMATION_FORMAT = "dwarf-with-dsym";
				ENABLE_NS_ASSERTIONS = NO;
				ENABLE_STRICT_OBJC_MSGSEND = YES;
				GCC_C_LANGUAGE_STANDARD = gnu99;
				GCC_NO_COMMON_BLOCKS = YES;
				GCC_WARN_64_TO_32_BIT_CONVERSION = YES;
				GCC_WARN_ABOUT_RETURN_TYPE = YES_ERROR;
				GCC_WARN_UNDECLARED_SELECTOR = YES;
				GCC_WARN_UNINITIALIZED_AUTOS = YES_AGGRESSIVE;
				GCC_WARN_UNUSED_FUNCTION = YES;
				GCC_WARN_UNUSED_VARIABLE = YES;
				IPHONEOS_DEPLOYMENT_TARGET = 10.2;
				MTL_ENABLE_DEBUG_INFO = NO;
				SDKROOT = iphoneos;
				SWIFT_OPTIMIZATION_LEVEL = "-Owholemodule";
				VALIDATE_PRODUCT = YES;
			};
			name = Release;
		};
		75AEABAD1E7225F400847B07 /* Debug */ = {
			isa = XCBuildConfiguration;
			baseConfigurationReference = CFCC55EC32C7B9E495F21A63 /* Pods-FolkArt.debug.xcconfig */;
			buildSettings = {
				ASSETCATALOG_COMPILER_APPICON_NAME = AppIcon;
				ASSETCATALOG_COMPILER_LAUNCHIMAGE_NAME = LaunchImage;
				DEVELOPMENT_TEAM = A36T66DN9U;
				INFOPLIST_FILE = FolkArt/Info.plist;
				IPHONEOS_DEPLOYMENT_TARGET = 9.0;
				LD_RUNPATH_SEARCH_PATHS = "$(inherited) @executable_path/Frameworks";
				PRODUCT_BUNDLE_IDENTIFIER = com.folkartalliance.FolkArt;
				PRODUCT_NAME = "$(TARGET_NAME)";
				SWIFT_VERSION = 3.0;
				TARGETED_DEVICE_FAMILY = 1;
			};
			name = Debug;
		};
		75AEABAE1E7225F400847B07 /* Release */ = {
			isa = XCBuildConfiguration;
			baseConfigurationReference = B71348B45EA823C2D43DC915 /* Pods-FolkArt.release.xcconfig */;
			buildSettings = {
				ASSETCATALOG_COMPILER_APPICON_NAME = AppIcon;
				ASSETCATALOG_COMPILER_LAUNCHIMAGE_NAME = LaunchImage;
				DEVELOPMENT_TEAM = A36T66DN9U;
				INFOPLIST_FILE = FolkArt/Info.plist;
				IPHONEOS_DEPLOYMENT_TARGET = 9.0;
				LD_RUNPATH_SEARCH_PATHS = "$(inherited) @executable_path/Frameworks";
				PRODUCT_BUNDLE_IDENTIFIER = com.folkartalliance.FolkArt;
				PRODUCT_NAME = "$(TARGET_NAME)";
				SWIFT_VERSION = 3.0;
				TARGETED_DEVICE_FAMILY = 1;
			};
			name = Release;
		};
/* End XCBuildConfiguration section */

/* Begin XCConfigurationList section */
		75AEAB921E7225F300847B07 /* Build configuration list for PBXProject "FolkArt" */ = {
			isa = XCConfigurationList;
			buildConfigurations = (
				75AEABAA1E7225F400847B07 /* Debug */,
				75AEABAB1E7225F400847B07 /* Release */,
			);
			defaultConfigurationIsVisible = 0;
			defaultConfigurationName = Release;
		};
		75AEABAC1E7225F400847B07 /* Build configuration list for PBXNativeTarget "FolkArt" */ = {
			isa = XCConfigurationList;
			buildConfigurations = (
				75AEABAD1E7225F400847B07 /* Debug */,
				75AEABAE1E7225F400847B07 /* Release */,
			);
			defaultConfigurationIsVisible = 0;
			defaultConfigurationName = Release;
		};
/* End XCConfigurationList section */
	};
	rootObject = 75AEAB8F1E7225F300847B07 /* Project object */;
}
